{
  "version": 4,
  "terraform_version": "1.2.7",
  "serial": 11,
  "lineage": "d9444b7a-6ab1-c797-49b6-afacc43d4f65",
  "outputs": {},
  "resources": [
    {
      "mode": "managed",
      "type": "snowflake_database",
      "name": "db",
      "provider": "provider[\"registry.terraform.io/snowflake-labs/snowflake\"].sys_admin",
      "instances": [
        {
          "schema_version": 0,
          "attributes": {
            "comment": "",
            "data_retention_time_in_days": 0,
            "from_database": null,
            "from_replica": null,
            "from_share": null,
            "id": "TF_DEMO",
            "name": "TF_DEMO",
            "replication_configuration": [],
            "tag": []
          },
          "sensitive_attributes": [],
          "private": "bnVsbA=="
        }
      ]
    },
    {
      "mode": "managed",
      "type": "snowflake_database_grant",
      "name": "grant",
      "provider": "provider[\"registry.terraform.io/snowflake-labs/snowflake\"].security_admin",
      "instances": [
        {
          "schema_version": 0,
          "attributes": {
            "database_name": "TF_DEMO",
            "enable_multiple_grants": false,
            "id": "TF_DEMO|||USAGE|TF_DEMO_SVC_ROLE|false",
            "privilege": "USAGE",
            "roles": [
              "TF_DEMO_SVC_ROLE"
            ],
            "shares": null,
            "with_grant_option": false
          },
          "sensitive_attributes": [],
          "private": "bnVsbA==",
          "dependencies": [
            "snowflake_database.db",
            "snowflake_role.role"
          ]
        }
      ]
    },
    {
      "mode": "managed",
      "type": "snowflake_role",
      "name": "role",
      "provider": "provider[\"registry.terraform.io/snowflake-labs/snowflake\"].security_admin",
      "instances": [
        {
          "schema_version": 0,
          "attributes": {
            "comment": "",
            "id": "TF_DEMO_SVC_ROLE",
            "name": "TF_DEMO_SVC_ROLE",
            "tag": []
          },
          "sensitive_attributes": [],
          "private": "bnVsbA=="
        }
      ]
    },
    {
      "mode": "managed",
      "type": "snowflake_role_grants",
      "name": "grants",
      "provider": "provider[\"registry.terraform.io/snowflake-labs/snowflake\"].security_admin",
      "instances": []
    },
    {
      "mode": "managed",
      "type": "snowflake_schema",
      "name": "schema",
      "provider": "provider[\"registry.terraform.io/snowflake-labs/snowflake\"].sys_admin",
      "instances": [
        {
          "schema_version": 0,
          "attributes": {
            "comment": "",
            "data_retention_days": 1,
            "database": "TF_DEMO",
            "id": "TF_DEMO|TF_DEMO",
            "is_managed": false,
            "is_transient": false,
            "name": "TF_DEMO",
            "tag": []
          },
          "sensitive_attributes": [],
          "private": "bnVsbA==",
          "dependencies": [
            "snowflake_database.db"
          ]
        }
      ]
    },
    {
      "mode": "managed",
      "type": "snowflake_schema_grant",
      "name": "grant",
      "provider": "provider[\"registry.terraform.io/snowflake-labs/snowflake\"].security_admin",
      "instances": [
        {
          "schema_version": 0,
          "attributes": {
            "database_name": "TF_DEMO",
            "enable_multiple_grants": false,
            "id": "TF_DEMO|TF_DEMO||USAGE|TF_DEMO_SVC_ROLE|false",
            "on_future": false,
            "privilege": "USAGE",
            "roles": [
              "TF_DEMO_SVC_ROLE"
            ],
            "schema_name": "TF_DEMO",
            "shares": null,
            "with_grant_option": false
          },
          "sensitive_attributes": [],
          "private": "bnVsbA==",
          "dependencies": [
            "snowflake_database.db",
            "snowflake_role.role",
            "snowflake_schema.schema"
          ]
        }
      ]
    },
    {
      "mode": "managed",
      "type": "snowflake_warehouse",
      "name": "warehouse",
      "provider": "provider[\"registry.terraform.io/snowflake-labs/snowflake\"].sys_admin",
      "instances": [
        {
          "schema_version": 0,
          "attributes": {
            "auto_resume": true,
            "auto_suspend": 60,
            "comment": "",
            "id": "TF_DEMO",
            "initially_suspended": null,
            "max_cluster_count": 1,
            "max_concurrency_level": 8,
            "min_cluster_count": 1,
            "name": "TF_DEMO",
            "resource_monitor": "null",
            "scaling_policy": "STANDARD",
            "statement_queued_timeout_in_seconds": 0,
            "statement_timeout_in_seconds": 172800,
            "tag": [],
            "wait_for_provisioning": null,
            "warehouse_size": "X-Small"
          },
          "sensitive_attributes": [],
          "private": "bnVsbA=="
        }
      ]
    },
    {
      "mode": "managed",
      "type": "snowflake_warehouse_grant",
      "name": "grant",
      "provider": "provider[\"registry.terraform.io/snowflake-labs/snowflake\"].security_admin",
      "instances": [
        {
          "schema_version": 0,
          "attributes": {
            "enable_multiple_grants": false,
            "id": "TF_DEMO|||USAGE|TF_DEMO_SVC_ROLE|false",
            "privilege": "USAGE",
            "roles": [
              "TF_DEMO_SVC_ROLE"
            ],
            "warehouse_name": "TF_DEMO",
            "with_grant_option": false
          },
          "sensitive_attributes": [],
          "private": "bnVsbA==",
          "dependencies": [
            "snowflake_role.role",
            "snowflake_warehouse.warehouse"
          ]
        }
      ]
    }
  ]
}
